
Microsoft Visual Studio Solution File, Format Version 12.00
# Visual Studio Version 17
VisualStudioVersion = 17.0.31912.275
MinimumVisualStudioVersion = 10.0.40219.1
Project("{9A19103F-16F7-4668-BE54-9A1E7A4F7556}") = "01. Define an Interface IPerson", "Interfaces and Abstraction\01. Define an Interface IPerson.csproj", "{675C3B2D-6DEA-42FD-9C8C-9CC1841B7F44}"
EndProject
Project("{9A19103F-16F7-4668-BE54-9A1E7A4F7556}") = "02. Multiple Implementation", "02. Multiple Implementation\02. Multiple Implementation.csproj", "{90133CD4-E25D-4245-B7BD-33F0ED7FFC61}"
EndProject
Project("{9A19103F-16F7-4668-BE54-9A1E7A4F7556}") = "03. Telephony", "03. Telephony\03. Telephony.csproj", "{BDB1FA20-9DB7-4F30-BBD8-EF6D4B5E8E6F}"
EndProject
Project("{9A19103F-16F7-4668-BE54-9A1E7A4F7556}") = "04. BorderControl", "04. Border Control\04. BorderControl.csproj", "{5A842073-317C-4CD8-B135-3ED7A6D11860}"
EndProject
Project("{9A19103F-16F7-4668-BE54-9A1E7A4F7556}") = "05. BirthdayCelebrations", "05. Birthday Celebrations\05. BirthdayCelebrations.csproj", "{034A1497-A2D3-41B6-9A57-D5157E22586E}"
EndProject
Project("{9A19103F-16F7-4668-BE54-9A1E7A4F7556}") = "06. FoodShortage", "06. Food Shortage\06. FoodShortage.csproj", "{ED218A52-A65E-49F2-A8BA-B9CB58276430}"
EndProject
Project("{9A19103F-16F7-4668-BE54-9A1E7A4F7556}") = "07. MilitaryElite", "MilitaryElite\07. MilitaryElite.csproj", "{94211FC9-0216-4185-A0DB-BFF23B86ED96}"
EndProject
Global
	GlobalSection(SolutionConfigurationPlatforms) = preSolution
		Debug|Any CPU = Debug|Any CPU
		Release|Any CPU = Release|Any CPU
	EndGlobalSection
	GlobalSection(ProjectConfigurationPlatforms) = postSolution
		{675C3B2D-6DEA-42FD-9C8C-9CC1841B7F44}.Debug|Any CPU.ActiveCfg = Debug|Any CPU
		{675C3B2D-6DEA-42FD-9C8C-9CC1841B7F44}.Debug|Any CPU.Build.0 = Debug|Any CPU
		{675C3B2D-6DEA-42FD-9C8C-9CC1841B7F44}.Release|Any CPU.ActiveCfg = Release|Any CPU
		{675C3B2D-6DEA-42FD-9C8C-9CC1841B7F44}.Release|Any CPU.Build.0 = Release|Any CPU
		{90133CD4-E25D-4245-B7BD-33F0ED7FFC61}.Debug|Any CPU.ActiveCfg = Debug|Any CPU
		{90133CD4-E25D-4245-B7BD-33F0ED7FFC61}.Debug|Any CPU.Build.0 = Debug|Any CPU
		{90133CD4-E25D-4245-B7BD-33F0ED7FFC61}.Release|Any CPU.ActiveCfg = Release|Any CPU
		{90133CD4-E25D-4245-B7BD-33F0ED7FFC61}.Release|Any CPU.Build.0 = Release|Any CPU
		{BDB1FA20-9DB7-4F30-BBD8-EF6D4B5E8E6F}.Debug|Any CPU.ActiveCfg = Debug|Any CPU
		{BDB1FA20-9DB7-4F30-BBD8-EF6D4B5E8E6F}.Debug|Any CPU.Build.0 = Debug|Any CPU
		{BDB1FA20-9DB7-4F30-BBD8-EF6D4B5E8E6F}.Release|Any CPU.ActiveCfg = Release|Any CPU
		{BDB1FA20-9DB7-4F30-BBD8-EF6D4B5E8E6F}.Release|Any CPU.Build.0 = Release|Any CPU
		{5A842073-317C-4CD8-B135-3ED7A6D11860}.Debug|Any CPU.ActiveCfg = Debug|Any CPU
		{5A842073-317C-4CD8-B135-3ED7A6D11860}.Debug|Any CPU.Build.0 = Debug|Any CPU
		{5A842073-317C-4CD8-B135-3ED7A6D11860}.Release|Any CPU.ActiveCfg = Release|Any CPU
		{5A842073-317C-4CD8-B135-3ED7A6D11860}.Release|Any CPU.Build.0 = Release|Any CPU
		{034A1497-A2D3-41B6-9A57-D5157E22586E}.Debug|Any CPU.ActiveCfg = Debug|Any CPU
		{034A1497-A2D3-41B6-9A57-D5157E22586E}.Debug|Any CPU.Build.0 = Debug|Any CPU
		{034A1497-A2D3-41B6-9A57-D5157E22586E}.Release|Any CPU.ActiveCfg = Release|Any CPU
		{034A1497-A2D3-41B6-9A57-D5157E22586E}.Release|Any CPU.Build.0 = Release|Any CPU
		{ED218A52-A65E-49F2-A8BA-B9CB58276430}.Debug|Any CPU.ActiveCfg = Debug|Any CPU
		{ED218A52-A65E-49F2-A8BA-B9CB58276430}.Debug|Any CPU.Build.0 = Debug|Any CPU
		{ED218A52-A65E-49F2-A8BA-B9CB58276430}.Release|Any CPU.ActiveCfg = Release|Any CPU
		{ED218A52-A65E-49F2-A8BA-B9CB58276430}.Release|Any CPU.Build.0 = Release|Any CPU
		{94211FC9-0216-4185-A0DB-BFF23B86ED96}.Debug|Any CPU.ActiveCfg = Debug|Any CPU
		{94211FC9-0216-4185-A0DB-BFF23B86ED96}.Debug|Any CPU.Build.0 = Debug|Any CPU
		{94211FC9-0216-4185-A0DB-BFF23B86ED96}.Release|Any CPU.ActiveCfg = Release|Any CPU
		{94211FC9-0216-4185-A0DB-BFF23B86ED96}.Release|Any CPU.Build.0 = Release|Any CPU
	EndGlobalSection
	GlobalSection(SolutionProperties) = preSolution
		HideSolutionNode = FALSE
	EndGlobalSection
	GlobalSection(ExtensibilityGlobals) = postSolution
		SolutionGuid = {A07566C2-9C9D-4DF2-9E08-9FA4490C31C1}
	EndGlobalSection
EndGlobal
